// !$*UTF8*$!
{
	archiveVersion = 1;
	classes = {
	};
	objectVersion = 46;
	objects = {

/* Begin PBXBuildFile section */
		27AD287E1D7F4E9E0058612C /* AppDelegate.swift in Sources */ = {isa = PBXBuildFile; fileRef = 27AD287D1D7F4E9E0058612C /* AppDelegate.swift */; };
		27AD28801D7F4E9E0058612C /* FeaturedAppsController.swift in Sources */ = {isa = PBXBuildFile; fileRef = 27AD287F1D7F4E9E0058612C /* FeaturedAppsController.swift */; };
		27AD28831D7F4E9E0058612C /* Main.storyboard in Resources */ = {isa = PBXBuildFile; fileRef = 27AD28811D7F4E9E0058612C /* Main.storyboard */; };
		27AD28851D7F4E9E0058612C /* Assets.xcassets in Resources */ = {isa = PBXBuildFile; fileRef = 27AD28841D7F4E9E0058612C /* Assets.xcassets */; };
		27AD28881D7F4E9E0058612C /* LaunchScreen.storyboard in Resources */ = {isa = PBXBuildFile; fileRef = 27AD28861D7F4E9E0058612C /* LaunchScreen.storyboard */; };
		27AD28901D7F4F690058612C /* CategoryCell.swift in Sources */ = {isa = PBXBuildFile; fileRef = 27AD288F1D7F4F690058612C /* CategoryCell.swift */; };
		27AD28921D7F4F830058612C /* Models.swift in Sources */ = {isa = PBXBuildFile; fileRef = 27AD28911D7F4F830058612C /* Models.swift */; };
		27AD28951D8062BB0058612C /* featured.json in Resources */ = {isa = PBXBuildFile; fileRef = 27AD28941D8062BB0058612C /* featured.json */; };
		27AD289E1D80DA2F0058612C /* AppDetailController.swift in Sources */ = {isa = PBXBuildFile; fileRef = 27AD289D1D80DA2F0058612C /* AppDetailController.swift */; };
		27AD28A01D8199380058612C /* ScreenshotsCell.swift in Sources */ = {isa = PBXBuildFile; fileRef = 27AD289F1D8199380058612C /* ScreenshotsCell.swift */; };
		27AD28A21D8223760058612C /* appdetail.json in Resources */ = {isa = PBXBuildFile; fileRef = 27AD28A11D8223760058612C /* appdetail.json */; };
/* End PBXBuildFile section */

/* Begin PBXFileReference section */
		27AD287A1D7F4E9E0058612C /* App Store.app */ = {isa = PBXFileReference; explicitFileType = wrapper.application; includeInIndex = 0; path = "App Store.app"; sourceTree = BUILT_PRODUCTS_DIR; };
		27AD287D1D7F4E9E0058612C /* AppDelegate.swift */ = {isa = PBXFileReference; lastKnownFileType = sourcecode.swift; path = AppDelegate.swift; sourceTree = "<group>"; };
		27AD287F1D7F4E9E0058612C /* FeaturedAppsController.swift */ = {isa = PBXFileReference; lastKnownFileType = sourcecode.swift; path = FeaturedAppsController.swift; sourceTree = "<group>"; };
		27AD28821D7F4E9E0058612C /* Base */ = {isa = PBXFileReference; lastKnownFileType = file.storyboard; name = Base; path = Base.lproj/Main.storyboard; sourceTree = "<group>"; };
		27AD28841D7F4E9E0058612C /* Assets.xcassets */ = {isa = PBXFileReference; lastKnownFileType = folder.assetcatalog; path = Assets.xcassets; sourceTree = "<group>"; };
		27AD28871D7F4E9E0058612C /* Base */ = {isa = PBXFileReference; lastKnownFileType = file.storyboard; name = Base; path = Base.lproj/LaunchScreen.storyboard; sourceTree = "<group>"; };
		27AD28891D7F4E9E0058612C /* Info.plist */ = {isa = PBXFileReference; lastKnownFileType = text.plist.xml; path = Info.plist; sourceTree = "<group>"; };
		27AD288F1D7F4F690058612C /* CategoryCell.swift */ = {isa = PBXFileReference; fileEncoding = 4; lastKnownFileType = sourcecode.swift; path = CategoryCell.swift; sourceTree = "<group>"; };
		27AD28911D7F4F830058612C /* Models.swift */ = {isa = PBXFileReference; fileEncoding = 4; lastKnownFileType = sourcecode.swift; path = Models.swift; sourceTree = "<group>"; };
		27AD28941D8062BB0058612C /* featured.json */ = {isa = PBXFileReference; fileEncoding = 4; lastKnownFileType = text.json; path = featured.json; sourceTree = "<group>"; };
		27AD289D1D80DA2F0058612C /* AppDetailController.swift */ = {isa = PBXFileReference; fileEncoding = 4; lastKnownFileType = sourcecode.swift; path = AppDetailController.swift; sourceTree = "<group>"; };
		27AD289F1D8199380058612C /* ScreenshotsCell.swift */ = {isa = PBXFileReference; fileEncoding = 4; lastKnownFileType = sourcecode.swift; path = ScreenshotsCell.swift; sourceTree = "<group>"; };
		27AD28A11D8223760058612C /* appdetail.json */ = {isa = PBXFileReference; fileEncoding = 4; lastKnownFileType = text.json; path = appdetail.json; sourceTree = "<group>"; };
/* End PBXFileReference section */

/* Begin PBXFrameworksBuildPhase section */
		27AD28771D7F4E9E0058612C /* Frameworks */ = {
			isa = PBXFrameworksBuildPhase;
			buildActionMask = 2147483647;
			files = (
			);
			runOnlyForDeploymentPostprocessing = 0;
		};
/* End PBXFrameworksBuildPhase section */

/* Begin PBXGroup section */
		27AD28711D7F4E9E0058612C = {
			isa = PBXGroup;
			children = (
				27AD287C1D7F4E9E0058612C /* App Store */,
				27AD287B1D7F4E9E0058612C /* Products */,
			);
			sourceTree = "<group>";
		};
		27AD287B1D7F4E9E0058612C /* Products */ = {
			isa = PBXGroup;
			children = (
				27AD287A1D7F4E9E0058612C /* App Store.app */,
			);
			name = Products;
			sourceTree = "<group>";
		};
		27AD287C1D7F4E9E0058612C /* App Store */ = {
			isa = PBXGroup;
			children = (
				27AD287D1D7F4E9E0058612C /* AppDelegate.swift */,
				27AD287F1D7F4E9E0058612C /* FeaturedAppsController.swift */,
				27AD289D1D80DA2F0058612C /* AppDetailController.swift */,
				27AD288F1D7F4F690058612C /* CategoryCell.swift */,
				27AD289F1D8199380058612C /* ScreenshotsCell.swift */,
				27AD28911D7F4F830058612C /* Models.swift */,
				27AD28811D7F4E9E0058612C /* Main.storyboard */,
				27AD28841D7F4E9E0058612C /* Assets.xcassets */,
				27AD28861D7F4E9E0058612C /* LaunchScreen.storyboard */,
				27AD28891D7F4E9E0058612C /* Info.plist */,
				27AD28931D8061500058612C /* util */,
			);
			path = "App Store";
			sourceTree = "<group>";
		};
		27AD28931D8061500058612C /* util */ = {
			isa = PBXGroup;
			children = (
				27AD28A11D8223760058612C /* appdetail.json */,
				27AD28941D8062BB0058612C /* featured.json */,
			);
			name = util;
			sourceTree = "<group>";
		};
/* End PBXGroup section */

/* Begin PBXNativeTarget section */
		27AD28791D7F4E9E0058612C /* App Store */ = {
			isa = PBXNativeTarget;
			buildConfigurationList = 27AD288C1D7F4E9E0058612C /* Build configuration list for PBXNativeTarget "App Store" */;
			buildPhases = (
				27AD28761D7F4E9E0058612C /* Sources */,
				27AD28771D7F4E9E0058612C /* Frameworks */,
				27AD28781D7F4E9E0058612C /* Resources */,
			);
			buildRules = (
			);
			dependencies = (
			);
			name = "App Store";
			productName = "App Store";
			productReference = 27AD287A1D7F4E9E0058612C /* App Store.app */;
			productType = "com.apple.product-type.application";
		};
/* End PBXNativeTarget section */

/* Begin PBXProject section */
		27AD28721D7F4E9E0058612C /* Project object */ = {
			isa = PBXProject;
			attributes = {
				LastSwiftUpdateCheck = 0730;
				LastUpgradeCheck = 0820;
				ORGANIZATIONNAME = "Jorge Casariego";
				TargetAttributes = {
					27AD28791D7F4E9E0058612C = {
						CreatedOnToolsVersion = 7.3.1;
						DevelopmentTeam = UQGJF7PV8L;
						LastSwiftMigration = 0800;
					};
				};
			};
			buildConfigurationList = 27AD28751D7F4E9E0058612C /* Build configuration list for PBXProject "App Store" */;
			compatibilityVersion = "Xcode 3.2";
			developmentRegion = English;
			hasScannedForEncodings = 0;
			knownRegions = (
				en,
				Base,
			);
			mainGroup = 27AD28711D7F4E9E0058612C;
			productRefGroup = 27AD287B1D7F4E9E0058612C /* Products */;
			projectDirPath = "";
			projectRoot = "";
			targets = (
				27AD28791D7F4E9E0058612C /* App Store */,
			);
		};
/* End PBXProject section */

/* Begin PBXResourcesBuildPhase section */
		27AD28781D7F4E9E0058612C /* Resources */ = {
			isa = PBXResourcesBuildPhase;
			buildActionMask = 2147483647;
			files = (
				27AD28881D7F4E9E0058612C /* LaunchScreen.storyboard in Resources */,
				27AD28951D8062BB0058612C /* featured.json in Resources */,
				27AD28A21D8223760058612C /* appdetail.json in Resources */,
				27AD28851D7F4E9E0058612C /* Assets.xcassets in Resources */,
				27AD28831D7F4E9E0058612C /* Main.storyboard in Resources */,
			);
			runOnlyForDeploymentPostprocessing = 0;
		};
/* End PBXResourcesBuildPhase section */

/* Begin PBXSourcesBuildPhase section */
		27AD28761D7F4E9E0058612C /* Sources */ = {
			isa = PBXSourcesBuildPhase;
			buildActionMask = 2147483647;
			files = (
				27AD28801D7F4E9E0058612C /* FeaturedAppsController.swift in Sources */,
				27AD287E1D7F4E9E0058612C /* AppDelegate.swift in Sources */,
				27AD28901D7F4F690058612C /* CategoryCell.swift in Sources */,
				27AD289E1D80DA2F0058612C /* AppDetailController.swift in Sources */,
				27AD28921D7F4F830058612C /* Models.swift in Sources */,
				27AD28A01D8199380058612C /* ScreenshotsCell.swift in Sources */,
			);
			runOnlyForDeploymentPostprocessing = 0;
		};
/* End PBXSourcesBuildPhase section */

/* Begin PBXVariantGroup section */
		27AD28811D7F4E9E0058612C /* Main.storyboard */ = {
			isa = PBXVariantGroup;
			children = (
				27AD28821D7F4E9E0058612C /* Base */,
			);
			name = Main.storyboard;
			sourceTree = "<group>";
		};
		27AD28861D7F4E9E0058612C /* LaunchScreen.storyboard */ = {
			isa = PBXVariantGroup;
			children = (
				27AD28871D7F4E9E0058612C /* Base */,
			);
			name = LaunchScreen.storyboard;
			sourceTree = "<group>";
		};
/* End PBXVariantGroup section */

/* Begin XCBuildConfiguration section */
		27AD288A1D7F4E9E0058612C /* Debug */ = {
			isa = XCBuildConfiguration;
			buildSettings = {
				ALWAYS_SEARCH_USER_PATHS = NO;
				CLANG_ANALYZER_NONNULL = YES;
				CLANG_CXX_LANGUAGE_STANDARD = "gnu++0x";
				CLANG_CXX_LIBRARY = "libc++";
				CLANG_ENABLE_MODULES = YES;
				CLANG_ENABLE_OBJC_ARC = YES;
				CLANG_WARN_BOOL_CONVERSION = YES;
				CLANG_WARN_CONSTANT_CONVERSION = YES;
				CLANG_WARN_DIRECT_OBJC_ISA_USAGE = YES_ERROR;
				CLANG_WARN_EMPTY_BODY = YES;
				CLANG_WARN_ENUM_CONVERSION = YES;
				CLANG_WARN_INFINITE_RECURSION = YES;
				CLANG_WARN_INT_CONVERSION = YES;
				CLANG_WARN_OBJC_ROOT_CLASS = YES_ERROR;
				CLANG_WARN_SUSPICIOUS_MOVE = YES;
				CLANG_WARN_UNREACHABLE_CODE = YES;
				CLANG_WARN__DUPLICATE_METHOD_MATCH = YES;
				"CODE_SIGN_IDENTITY[sdk=iphoneos*]" = "iPhone Developer";
				COPY_PHASE_STRIP = NO;
				DEBUG_INFORMATION_FORMAT = dwarf;
				ENABLE_STRICT_OBJC_MSGSEND = YES;
				ENABLE_TESTABILITY = YES;
				GCC_C_LANGUAGE_STANDARD = gnu99;
				GCC_DYNAMIC_NO_PIC = NO;
				GCC_NO_COMMON_BLOCKS = YES;
				GCC_OPTIMIZATION_LEVEL = 0;
				GCC_PREPROCESSOR_DEFINITIONS = (
					"DEBUG=1",
					"$(inherited)",
				);
				GCC_WARN_64_TO_32_BIT_CONVERSION = YES;
				GCC_WARN_ABOUT_RETURN_TYPE = YES_ERROR;
				GCC_WARN_UNDECLARED_SELECTOR = YES;
				GCC_WARN_UNINITIALIZED_AUTOS = YES_AGGRESSIVE;
				GCC_WARN_UNUSED_FUNCTION = YES;
				GCC_WARN_UNUSED_VARIABLE = YES;
				IPHONEOS_DEPLOYMENT_TARGET = 9.3;
				MTL_ENABLE_DEBUG_INFO = YES;
				ONLY_ACTIVE_ARCH = YES;
				SDKROOT = iphoneos;
				SWIFT_OPTIMIZATION_LEVEL = "-Onone";
				TARGETED_DEVICE_FAMILY = "1,2";
			};
			name = Debug;
		};
		27AD288B1D7F4E9E0058612C /* Release */ = {
			isa = XCBuildConfiguration;
			buildSettings = {
				ALWAYS_SEARCH_USER_PATHS = NO;
				CLANG_ANALYZER_NONNULL = YES;
				CLANG_CXX_LANGUAGE_STANDARD = "gnu++0x";
				CLANG_CXX_LIBRARY = "libc++";
				CLANG_ENABLE_MODULES = YES;
				CLANG_ENABLE_OBJC_ARC = YES;
				CLANG_WARN_BOOL_CONVERSION = YES;
				CLANG_WARN_CONSTANT_CONVERSION = YES;
				CLANG_WARN_DIRECT_OBJC_ISA_USAGE = YES_ERROR;
				CLANG_WARN_EMPTY_BODY = YES;
				CLANG_WARN_ENUM_CONVERSION = YES;
				CLANG_WARN_INFINITE_RECURSION = YES;
				CLANG_WARN_INT_CONVERSION = YES;
				CLANG_WARN_OBJC_ROOT_CLASS = YES_ERROR;
				CLANG_WARN_SUSPICIOUS_MOVE = YES;
				CLANG_WARN_UNREACHABLE_CODE = YES;
				CLANG_WARN__DUPLICATE_METHOD_MATCH = YES;
				"CODE_SIGN_IDENTITY[sdk=iphoneos*]" = "iPhone Developer";
				COPY_PHASE_STRIP = NO;
				DEBUG_INFORMATION_FORMAT = "dwarf-with-dsym";
				ENABLE_NS_ASSERTIONS = NO;
				ENABLE_STRICT_OBJC_MSGSEND = YES;
				GCC_C_LANGUAGE_STANDARD = gnu99;
				GCC_NO_COMMON_BLOCKS = YES;
				GCC_WARN_64_TO_32_BIT_CONVERSION = YES;
				GCC_WARN_ABOUT_RETURN_TYPE = YES_ERROR;
				GCC_WARN_UNDECLARED_SELECTOR = YES;
				GCC_WARN_UNINITIALIZED_AUTOS = YES_AGGRESSIVE;
				GCC_WARN_UNUSED_FUNCTION = YES;
				GCC_WARN_UNUSED_VARIABLE = YES;
				IPHONEOS_DEPLOYMENT_TARGET = 9.3;
				MTL_ENABLE_DEBUG_INFO = NO;
				SDKROOT = iphoneos;
				SWIFT_OPTIMIZATION_LEVEL = "-Owholemodule";
				TARGETED_DEVICE_FAMILY = "1,2";
				VALIDATE_PRODUCT = YES;
			};
			name = Release;
		};
		27AD288D1D7F4E9E0058612C /* Debug */ = {
			isa = XCBuildConfiguration;
			buildSettings = {
				ASSETCATALOG_COMPILER_APPICON_NAME = AppIcon;
				CODE_SIGN_IDENTITY = "iPhone Developer";
				INFOPLIST_FILE = "App Store/Info.plist";
				LD_RUNPATH_SEARCH_PATHS = "$(inherited) @executable_path/Frameworks";
				PRODUCT_BUNDLE_IDENTIFIER = "jorgecasariego.me.App-Store";
				PRODUCT_NAME = "$(TARGET_NAME)";
				SWIFT_VERSION = 3.0;
			};
			name = Debug;
		};
		27AD288E1D7F4E9E0058612C /* Release */ = {
			isa = XCBuildConfiguration;
			buildSettings = {
				ASSETCATALOG_COMPILER_APPICON_NAME = AppIcon;
				CODE_SIGN_IDENTITY = "iPhone Developer";
				INFOPLIST_FILE = "App Store/Info.plist";
				LD_RUNPATH_SEARCH_PATHS = "$(inherited) @executable_path/Frameworks";
				PRODUCT_BUNDLE_IDENTIFIER = "jorgecasariego.me.App-Store";
				PRODUCT_NAME = "$(TARGET_NAME)";
				SWIFT_VERSION = 3.0;
			};
			name = Release;
		};
/* End XCBuildConfiguration section */

/* Begin XCConfigurationList section */
		27AD28751D7F4E9E0058612C /* Build configuration list for PBXProject "App Store" */ = {
			isa = XCConfigurationList;
			buildConfigurations = (
				27AD288A1D7F4E9E0058612C /* Debug */,
				27AD288B1D7F4E9E0058612C /* Release */,
			);
			defaultConfigurationIsVisible = 0;
			defaultConfigurationName = Release;
		};
		27AD288C1D7F4E9E0058612C /* Build configuration list for PBXNativeTarget "App Store" */ = {
			isa = XCConfigurationList;
			buildConfigurations = (
				27AD288D1D7F4E9E0058612C /* Debug */,
				27AD288E1D7F4E9E0058612C /* Release */,
			);
			defaultConfigurationIsVisible = 0;
			defaultConfigurationName = Release;
		};
/* End XCConfigurationList section */
	};
	rootObject = 27AD28721D7F4E9E0058612C /* Project object */;
}
